<?xml version="1.0" encoding="utf-8"?>
<Project ToolsVersion="4.0" xmlns="http://schemas.microsoft.com/developer/msbuild/2003">
  <ItemGroup>
    <ClCompile Include="main.cpp" />
    <ClCompile Include="Application.cpp" />
    <ClCompile Include="Window.cpp" />
    <ClCompile Include="ErrorHandling.cpp" />
    <ClCompile Include="..\external\imgui\imgui_draw.cpp">
      <Filter>external\imgui</Filter>
    </ClCompile>
    <ClCompile Include="..\external\imgui\imgui_widgets.cpp">
      <Filter>external\imgui</Filter>
    </ClCompile>
    <ClCompile Include="..\external\imgui\imgui.cpp">
      <Filter>external\imgui</Filter>
    </ClCompile>
    <ClCompile Include="..\external\imgui\examples\imgui_impl_win32.cpp">
      <Filter>external\imgui\examples</Filter>
    </ClCompile>
    <ClCompile Include="..\external\imgui\examples\imgui_impl_dx12.cpp">
      <Filter>external\imgui\examples</Filter>
    </ClCompile>
    <ClCompile Include="Gui.cpp" />
    <ClCompile Include="PathTracer.cpp" />
    <ClCompile Include="Scene.cpp" />
    <ClCompile Include="dx12\Shader.cpp">
      <Filter>dx12</Filter>
    </ClCompile>
    <ClCompile Include="dx12\SwapChain.cpp">
      <Filter>dx12</Filter>
    </ClCompile>
    <ClCompile Include="dx12\TopLevelAS.cpp">
      <Filter>dx12</Filter>
    </ClCompile>
    <ClCompile Include="dx12\BottomLevelAS.cpp">
      <Filter>dx12</Filter>
    </ClCompile>
    <ClCompile Include="dx12\GraphicsResource.cpp">
      <Filter>dx12</Filter>
    </ClCompile>
    <ClCompile Include="dx12\RaytracingShaderBindingTable.cpp">
      <Filter>dx12</Filter>
    </ClCompile>
    <ClCompile Include="dx12\DynamicConstantBuffer.cpp">
      <Filter>dx12</Filter>
    </ClCompile>
    <ClCompile Include="Camera.cpp" />
    <ClCompile Include="..\external\imgui\imgui_demo.cpp">
      <Filter>external\imgui</Filter>
    </ClCompile>
    <ClCompile Include="DirectoryWatcher.cpp" />
    <ClCompile Include="StringConversion.cpp" />
    <ClCompile Include="ToneMapper.cpp" />
    <ClCompile Include="dx12\RootSignature.cpp">
      <Filter>dx12</Filter>
    </ClCompile>
    <ClCompile Include="MathUtils.cpp" />
    <ClCompile Include="FrameCapture.cpp" />
    <ClCompile Include="LightSampler.cpp" />
    <ClCompile Include="..\external\SimpleMath.cpp">
      <Filter>external</Filter>
    </ClCompile>
    <ClCompile Include="dx12\CommandQueue.cpp">
      <Filter>dx12</Filter>
    </ClCompile>
    <ClCompile Include="dx12\ResourceUploadBatch.cpp">
      <Filter>dx12</Filter>
    </ClCompile>
    <ClCompile Include="LightPathLengthVideoRecorder.cpp" />
    <ClCompile Include="StbImpls.cpp" />
  </ItemGroup>
  <ItemGroup>
    <ClInclude Include="Application.h" />
    <ClInclude Include="Window.h" />
    <ClInclude Include="ErrorHandling.h" />
    <ClInclude Include="..\external\imgui\imgui_internal.h">
      <Filter>external\imgui</Filter>
    </ClInclude>
    <ClInclude Include="..\external\imgui\imstb_rectpack.h">
      <Filter>external\imgui</Filter>
    </ClInclude>
    <ClInclude Include="..\external\imgui\imstb_textedit.h">
      <Filter>external\imgui</Filter>
    </ClInclude>
    <ClInclude Include="..\external\imgui\imstb_truetype.h">
      <Filter>external\imgui</Filter>
    </ClInclude>
    <ClInclude Include="..\external\imgui\imconfig.h">
      <Filter>external\imgui</Filter>
    </ClInclude>
    <ClInclude Include="..\external\imgui\imgui.h">
      <Filter>external\imgui</Filter>
    </ClInclude>
    <ClInclude Include="..\external\imgui\examples\imgui_impl_win32.h">
      <Filter>external\imgui\examples</Filter>
    </ClInclude>
    <ClInclude Include="..\external\imgui\examples\imgui_impl_dx12.h">
      <Filter>external\imgui\examples</Filter>
    </ClInclude>
    <ClInclude Include="Gui.h" />
    <ClInclude Include="PathTracer.h" />
    <ClInclude Include="Scene.h" />
    <ClInclude Include="MathUtils.h" />
    <ClInclude Include="..\external\dxc\dxcapi.h">
      <Filter>external\dxc</Filter>
    </ClInclude>
    <ClInclude Include="dx12\RaytracingShaderBindingTable.h">
      <Filter>dx12</Filter>
    </ClInclude>
    <ClInclude Include="dx12\Shader.h">
      <Filter>dx12</Filter>
    </ClInclude>
    <ClInclude Include="dx12\SwapChain.h">
      <Filter>dx12</Filter>
    </ClInclude>
    <ClInclude Include="dx12\TopLevelAS.h">
      <Filter>dx12</Filter>
    </ClInclude>
    <ClInclude Include="dx12\BottomLevelAS.h">
      <Filter>dx12</Filter>
    </ClInclude>
    <ClInclude Include="dx12\GraphicsResource.h">
      <Filter>dx12</Filter>
    </ClInclude>
    <ClInclude Include="dx12\DynamicConstantBuffer.h">
      <Filter>dx12</Filter>
    </ClInclude>
    <ClInclude Include="Camera.h" />
    <ClInclude Include="DirectoryWatcher.h" />
    <ClInclude Include="StringConversion.h" />
    <ClInclude Include="ToneMapper.h" />
    <ClInclude Include="dx12\RootSignature.h">
      <Filter>dx12</Filter>
    </ClInclude>
    <ClInclude Include="FrameCapture.h" />
    <ClInclude Include="LightSampler.h" />
    <ClInclude Include="..\external\dxcapi.use.h">
      <Filter>external</Filter>
    </ClInclude>
    <ClInclude Include="..\external\d3dx12.h">
      <Filter>external</Filter>
    </ClInclude>
    <ClInclude Include="..\external\SimpleMath.h">
      <Filter>external</Filter>
    </ClInclude>
    <ClInclude Include="dx12\CommandQueue.h">
      <Filter>dx12</Filter>
    </ClInclude>
    <ClInclude Include="dx12\ResourceUploadBatch.h">
      <Filter>dx12</Filter>
    </ClInclude>
    <ClInclude Include="LightPathLengthVideoRecorder.h" />
    <ClInclude Include="..\external\stb\stb_image.h">
      <Filter>external\stb</Filter>
    </ClInclude>
    <ClInclude Include="..\external\stb\stb_image_write.h">
      <Filter>external\stb</Filter>
    </ClInclude>
  </ItemGroup>
  <ItemGroup>
    <Filter Include="external">
      <UniqueIdentifier>{15a11ce9-1949-4a32-ae11-f84dc7f8db79}</UniqueIdentifier>
    </Filter>
    <Filter Include="external\imgui">
      <UniqueIdentifier>{21817af0-9899-4a67-b645-855e24538ca2}</UniqueIdentifier>
    </Filter>
    <Filter Include="external\imgui\examples">
      <UniqueIdentifier>{c5be50b0-60a6-4371-8f2e-f7afbcc1ef20}</UniqueIdentifier>
    </Filter>
    <Filter Include="shaders">
      <UniqueIdentifier>{0e976001-d8f7-4001-96f0-9f2fbd80ba39}</UniqueIdentifier>
    </Filter>
    <Filter Include="external\dxc">
      <UniqueIdentifier>{b1b3675c-7349-4026-b6ab-a15f57c12d07}</UniqueIdentifier>
    </Filter>
    <Filter Include="dx12">
      <UniqueIdentifier>{8902e900-b022-40e1-a7c2-a27f7138d772}</UniqueIdentifier>
    </Filter>
    <Filter Include="external\stb">
      <UniqueIdentifier>{739ac7b8-8471-4f12-b0a1-faf83fb25aa2}</UniqueIdentifier>
    </Filter>
  </ItemGroup>
  <ItemGroup>
    <CopyFileToFolders Include="dxcompiler.dll" />
    <CopyFileToFolders Include="dxil.dll" />
    <CopyFileToFolders Include="shaders\Hit.hlsl">
      <Filter>shaders</Filter>
    </CopyFileToFolders>
    <CopyFileToFolders Include="shaders\RayGen.hlsl">
      <Filter>shaders</Filter>
    </CopyFileToFolders>
    <CopyFileToFolders Include="shaders\Miss.hlsl">
      <Filter>shaders</Filter>
    </CopyFileToFolders>
    <CopyFileToFolders Include="shaders\Common.hlsl">
      <Filter>shaders</Filter>
    </CopyFileToFolders>
    <CopyFileToFolders Include="shaders\ShadowRay.hlsl">
      <Filter>shaders</Filter>
    </CopyFileToFolders>
    <CopyFileToFolders Include="shaders\ToneMap.hlsl">
      <Filter>shaders</Filter>
    </CopyFileToFolders>
    <CopyFileToFolders Include="shaders\Math.hlsl">
      <Filter>shaders</Filter>
    </CopyFileToFolders>
    <CopyFileToFolders Include="shaders\Random.hlsl">
      <Filter>shaders</Filter>
    </CopyFileToFolders>
    <CopyFileToFolders Include="shaders\Config.hlsl">
      <Filter>shaders</Filter>
    </CopyFileToFolders>
  </ItemGroup>
  <ItemGroup>
    <None Include="..\external\SimpleMath.inl">
      <Filter>external</Filter>
    </None>
  </ItemGroup>
</Project>